
Microsoft Visual Studio Solution File, Format Version 12.00
# Visual Studio Version 17
VisualStudioVersion = 17.9.34701.34
MinimumVisualStudioVersion = 10.0.40219.1
Project("{FAE04EC0-301F-11D3-BF4B-00C04F79EFBC}") = "GMS", "GMS.csproj", "{4688A5CB-AE22-4515-AA05-8C9D83FBBB1B}"
EndProject
Global
	GlobalSection(SolutionConfigurationPlatforms) = preSolution
		Debug|Any CPU = Debug|Any CPU
		Release|Any CPU = Release|Any CPU
	EndGlobalSection
	GlobalSection(ProjectConfigurationPlatforms) = postSolution
		{4688A5CB-AE22-4515-AA05-8C9D83FBBB1B}.Debug|Any CPU.ActiveCfg = Debug|Any CPU
		{4688A5CB-AE22-4515-AA05-8C9D83FBBB1B}.Debug|Any CPU.Build.0 = Debug|Any CPU
		{4688A5CB-AE22-4515-AA05-8C9D83FBBB1B}.Release|Any CPU.ActiveCfg = Release|Any CPU
		{4688A5CB-AE22-4515-AA05-8C9D83FBBB1B}.Release|Any CPU.Build.0 = Release|Any CPU
	EndGlobalSection
	GlobalSection(SolutionProperties) = preSolution
		HideSolutionNode = FALSE
	EndGlobalSection
	GlobalSection(ExtensibilityGlobals) = postSolution
		SolutionGuid = {FBAABC15-3C49-4ADF-B93C-188EE99D6703}
	EndGlobalSection
EndGlobal
